
Microsoft Visual Studio Solution File, Format Version 11.00
# Visual Studio 2010
Project("{FAE04EC0-301F-11D3-BF4B-00C04F79EFBC}") = "crystalwall", "crystalwall.csproj", "{B1CE524D-C43E-4AC1-BFA2-C6A404C81E00}"
EndProject
Global
	GlobalSection(SolutionConfigurationPlatforms) = preSolution
		Debug|Any CPU = Debug|Any CPU
		Release|Any CPU = Release|Any CPU
	EndGlobalSection
	GlobalSection(ProjectConfigurationPlatforms) = postSolution
		{B1CE524D-C43E-4AC1-BFA2-C6A404C81E00}.Debug|Any CPU.ActiveCfg = Debug|Any CPU
		{B1CE524D-C43E-4AC1-BFA2-C6A404C81E00}.Debug|Any CPU.Build.0 = Debug|Any CPU
		{B1CE524D-C43E-4AC1-BFA2-C6A404C81E00}.Release|Any CPU.ActiveCfg = Release|Any CPU
		{B1CE524D-C43E-4AC1-BFA2-C6A404C81E00}.Release|Any CPU.Build.0 = Release|Any CPU
	EndGlobalSection
	GlobalSection(SolutionProperties) = preSolution
		HideSolutionNode = FALSE
	EndGlobalSection
EndGlobal
